
Microsoft Visual Studio Solution File, Format Version 12.00
# Visual Studio Version 17
VisualStudioVersion = 17.8.34330.188
MinimumVisualStudioVersion = 10.0.40219.1
Project("{FAE04EC0-301F-11D3-BF4B-00C04F79EFBC}") = "WebShopping", "WebShopping\WebShopping.csproj", "{964B3E89-D571-4877-98AE-2A09B337847D}"
EndProject
Global
	GlobalSection(SolutionConfigurationPlatforms) = preSolution
		Debug|Any CPU = Debug|Any CPU
		Release|Any CPU = Release|Any CPU
	EndGlobalSection
	GlobalSection(ProjectConfigurationPlatforms) = postSolution
		{964B3E89-D571-4877-98AE-2A09B337847D}.Debug|Any CPU.ActiveCfg = Debug|Any CPU
		{964B3E89-D571-4877-98AE-2A09B337847D}.Debug|Any CPU.Build.0 = Debug|Any CPU
		{964B3E89-D571-4877-98AE-2A09B337847D}.Release|Any CPU.ActiveCfg = Release|Any CPU
		{964B3E89-D571-4877-98AE-2A09B337847D}.Release|Any CPU.Build.0 = Release|Any CPU
	EndGlobalSection
	GlobalSection(SolutionProperties) = preSolution
		HideSolutionNode = FALSE
	EndGlobalSection
	GlobalSection(ExtensibilityGlobals) = postSolution
		SolutionGuid = {9B5E9D6C-BF16-4F05-A7FF-CF9EB67057D7}
	EndGlobalSection
EndGlobal
